<?xml version="1.0" encoding="UTF-8"?>
<Scheme
   LastUpgradeVersion = "1010"
   version = "1.3">
   <BuildAction
      parallelizeBuildables = "YES"
      buildImplicitDependencies = "YES">
      <BuildActionEntries>
         <BuildActionEntry
            buildForTesting = "YES"
            buildForRunning = "YES"
            buildForProfiling = "YES"
            buildForArchiving = "YES"
            buildForAnalyzing = "YES">
            <BuildableReference
               BuildableIdentifier = "primary"
               BlueprintIdentifier = "F093581A802BB761D0CB523A"
               BuildableName = "BlueprintUI.framework"
               BlueprintName = "BlueprintUI"
               ReferencedContainer = "container:Tuist/.build/tuist-derived/BlueprintUI/BlueprintUI.xcodeproj">
            </BuildableReference>
         </BuildActionEntry>
         <BuildActionEntry
            buildForTesting = "YES"
            buildForRunning = "YES"
            buildForProfiling = "YES"
            buildForArchiving = "YES"
            buildForAnalyzing = "YES">
            <BuildableReference
               BuildableIdentifier = "primary"
               BlueprintIdentifier = "861FF020C82E9FB6CB5DE35E"
               BuildableName = "BlueprintUICommonControls.framework"
               BlueprintName = "BlueprintUICommonControls"
               ReferencedContainer = "container:Tuist/.build/tuist-derived/BlueprintUI/BlueprintUI.xcodeproj">
            </BuildableReference>
         </BuildActionEntry>
         <BuildActionEntry
            buildForTesting = "YES"
            buildForRunning = "YES"
            buildForProfiling = "YES"
            buildForArchiving = "YES"
            buildForAnalyzing = "YES">
            <BuildableReference
               BuildableIdentifier = "primary"
               BlueprintIdentifier = "CFB067121EC1585747BDD0C6"
               BuildableName = "BlueprintUILists.framework"
               BlueprintName = "BlueprintUILists"
               ReferencedContainer = "container:../Listable.xcodeproj">
            </BuildableReference>
         </BuildActionEntry>
         <BuildActionEntry
            buildForTesting = "YES"
            buildForRunning = "YES"
            buildForProfiling = "YES"
            buildForArchiving = "YES"
            buildForAnalyzing = "YES">
            <BuildableReference
               BuildableIdentifier = "primary"
               BlueprintIdentifier = "6017076F888D3F30C2B93391"
               BuildableName = "BlueprintUIListsTests.xctest"
               BlueprintName = "BlueprintUIListsTests"
               ReferencedContainer = "container:ListableDevelopment.xcodeproj">
            </BuildableReference>
         </BuildActionEntry>
         <BuildActionEntry
            buildForTesting = "YES"
            buildForRunning = "YES"
            buildForProfiling = "YES"
            buildForArchiving = "YES"
            buildForAnalyzing = "YES">
            <BuildableReference
               BuildableIdentifier = "primary"
               BlueprintIdentifier = "F8528744B8AD69E0974C3F28"
               BuildableName = "EnglishDictionary.framework"
               BlueprintName = "EnglishDictionary"
               ReferencedContainer = "container:ListableDevelopment.xcodeproj">
            </BuildableReference>
         </BuildActionEntry>
         <BuildActionEntry
            buildForTesting = "YES"
            buildForRunning = "YES"
            buildForProfiling = "YES"
            buildForArchiving = "YES"
            buildForAnalyzing = "YES">
            <BuildableReference
               BuildableIdentifier = "primary"
               BlueprintIdentifier = "2CD0C6AD43C661D7CF3E2A32"
               BuildableName = "Listable.app"
               BlueprintName = "Listable"
               ReferencedContainer = "container:ListableDevelopment.xcodeproj">
            </BuildableReference>
         </BuildActionEntry>
         <BuildActionEntry
            buildForTesting = "YES"
            buildForRunning = "YES"
            buildForProfiling = "YES"
            buildForArchiving = "YES"
            buildForAnalyzing = "YES">
            <BuildableReference
               BuildableIdentifier = "primary"
               BlueprintIdentifier = "7AC6F12CFD9418A4755017E7"
               BuildableName = "ListableTests.xctest"
               BlueprintName = "ListableTests"
               ReferencedContainer = "container:ListableDevelopment.xcodeproj">
            </BuildableReference>
         </BuildActionEntry>
         <BuildActionEntry
            buildForTesting = "YES"
            buildForRunning = "YES"
            buildForProfiling = "YES"
            buildForArchiving = "YES"
            buildForAnalyzing = "YES">
            <BuildableReference
               BuildableIdentifier = "primary"
               BlueprintIdentifier = "9E233DDF326AC19F7A179034"
               BuildableName = "ListableUI.framework"
               BlueprintName = "ListableUI"
               ReferencedContainer = "container:../Listable.xcodeproj">
            </BuildableReference>
         </BuildActionEntry>
         <BuildActionEntry
            buildForTesting = "YES"
            buildForRunning = "YES"
            buildForProfiling = "YES"
            buildForArchiving = "YES"
            buildForAnalyzing = "YES">
            <BuildableReference
               BuildableIdentifier = "primary"
               BlueprintIdentifier = "73765221A7EEFBB6CCD76566"
               BuildableName = "Listable_ListableUI.bundle"
               BlueprintName = "Listable_ListableUI"
               ReferencedContainer = "container:../Listable.xcodeproj">
            </BuildableReference>
         </BuildActionEntry>
         <BuildActionEntry
            buildForTesting = "YES"
            buildForRunning = "YES"
            buildForProfiling = "YES"
            buildForArchiving = "YES"
            buildForAnalyzing = "YES">
            <BuildableReference
               BuildableIdentifier = "primary"
               BlueprintIdentifier = "6B996C310D436F2C76EA05B6"
               BuildableName = "Listable_TestHost.app"
               BlueprintName = "Listable_TestHost"
               ReferencedContainer = "container:ListableDevelopment.xcodeproj">
            </BuildableReference>
         </BuildActionEntry>
         <BuildActionEntry
            buildForTesting = "YES"
            buildForRunning = "YES"
            buildForProfiling = "YES"
            buildForArchiving = "YES"
            buildForAnalyzing = "YES">
            <BuildableReference
               BuildableIdentifier = "primary"
               BlueprintIdentifier = "A96DB9647F916259E97FADE0"
               BuildableName = "Snapshot.framework"
               BlueprintName = "Snapshot"
               ReferencedContainer = "container:ListableDevelopment.xcodeproj">
            </BuildableReference>
         </BuildActionEntry>
         <BuildActionEntry
            buildForTesting = "YES"
            buildForRunning = "YES"
            buildForProfiling = "YES"
            buildForArchiving = "YES"
            buildForAnalyzing = "YES">
            <BuildableReference
               BuildableIdentifier = "primary"
               BlueprintIdentifier = "F7310DC4F5A2040C44E58DEE"
               BuildableName = "Snapshot_Unit_Tests.xctest"
               BlueprintName = "Snapshot-Unit-Tests"
               ReferencedContainer = "container:ListableDevelopment.xcodeproj">
            </BuildableReference>
         </BuildActionEntry>
      </BuildActionEntries>
   </BuildAction>
   <TestAction
      buildConfiguration = "Debug"
      selectedDebuggerIdentifier = "Xcode.DebuggerFoundation.Debugger.LLDB"
      selectedLauncherIdentifier = "Xcode.DebuggerFoundation.Launcher.LLDB"
      shouldUseLaunchSchemeArgsEnv = "YES">
      <Testables>
         <TestableReference
            skipped = "NO">
            <BuildableReference
               BuildableIdentifier = "primary"
               BlueprintIdentifier = "6017076F888D3F30C2B93391"
               BuildableName = "BlueprintUIListsTests.xctest"
               BlueprintName = "BlueprintUIListsTests"
               ReferencedContainer = "container:ListableDevelopment.xcodeproj">
            </BuildableReference>
         </TestableReference>
         <TestableReference
            skipped = "NO">
            <BuildableReference
               BuildableIdentifier = "primary"
               BlueprintIdentifier = "7AC6F12CFD9418A4755017E7"
               BuildableName = "ListableTests.xctest"
               BlueprintName = "ListableTests"
               ReferencedContainer = "container:ListableDevelopment.xcodeproj">
            </BuildableReference>
         </TestableReference>
         <TestableReference
            skipped = "NO">
            <BuildableReference
               BuildableIdentifier = "primary"
               BlueprintIdentifier = "F7310DC4F5A2040C44E58DEE"
               BuildableName = "Snapshot_Unit_Tests.xctest"
               BlueprintName = "Snapshot-Unit-Tests"
               ReferencedContainer = "container:ListableDevelopment.xcodeproj">
            </BuildableReference>
         </TestableReference>
      </Testables>
   </TestAction>
   <LaunchAction
      buildConfiguration = "Debug"
      selectedDebuggerIdentifier = "Xcode.DebuggerFoundation.Debugger.LLDB"
      selectedLauncherIdentifier = "Xcode.DebuggerFoundation.Launcher.LLDB"
      launchStyle = "0"
      useCustomWorkingDirectory = "NO"
      ignoresPersistentStateOnLaunch = "NO"
      debugDocumentVersioning = "YES"
      debugServiceExtension = "internal"
      allowLocationSimulation = "YES">
      <MacroExpansion>
         <BuildableReference
            BuildableIdentifier = "primary"
            BlueprintIdentifier = "F093581A802BB761D0CB523A"
            BuildableName = "BlueprintUI.framework"
            BlueprintName = "BlueprintUI"
            ReferencedContainer = "container:Tuist/.build/tuist-derived/BlueprintUI/BlueprintUI.xcodeproj">
         </BuildableReference>
      </MacroExpansion>
   </LaunchAction>
   <ProfileAction
      buildConfiguration = "Release"
      shouldUseLaunchSchemeArgsEnv = "YES"
      savedToolIdentifier = ""
      useCustomWorkingDirectory = "NO"
      debugDocumentVersioning = "YES">
      <MacroExpansion>
         <BuildableReference
            BuildableIdentifier = "primary"
            BlueprintIdentifier = "F093581A802BB761D0CB523A"
            BuildableName = "BlueprintUI.framework"
            BlueprintName = "BlueprintUI"
            ReferencedContainer = "container:Tuist/.build/tuist-derived/BlueprintUI/BlueprintUI.xcodeproj">
         </BuildableReference>
      </MacroExpansion>
   </ProfileAction>
   <AnalyzeAction
      buildConfiguration = "Debug">
   </AnalyzeAction>
   <ArchiveAction
      buildConfiguration = "Release"
      revealArchiveInOrganizer = "YES">
   </ArchiveAction>
</Scheme>
