{
  "object": {
    "pins": [
      {
        "package": "BlueprintUI",
        "repositoryURL": "https://github.com/square/Blueprint",
        "state": {
          "branch": null,
          "revision": "2d07bc87c96d2413914eba6c28c169c4268e8abc",
          "version": "0.47.0"
        }
      }
    ]
  },
  "version": 1
}
