{
  "pins" : [
    {
      "identity" : "blueprint",
      "kind" : "remoteSourceControl",
      "location" : "https://github.com/square/Blueprint",
      "state" : {
        "branch" : "sgrosmark/fix/stack-measurement",
        "revision" : "b368bb7008e92368f5ac892aca41f321eaa1e6b5"
      }
    }
  ],
  "version" : 2
}
