{
  "object": {
    "pins": [
      {
        "package": "BlueprintUI",
        "repositoryURL": "https://github.com/square/Blueprint",
        "state": {
          "branch": null,
          "revision": "0c5fcb410eefee8cbc2af9180c82c639fd0eda2f",
          "version": "0.48.0"
        }
      }
    ]
  },
  "version": 1
}
