PODS:
  - BlueprintUI (3.0.0)
  - BlueprintUICommonControls (3.0.0):
    - BlueprintUI (= 3.0.0)
  - BlueprintUILists (14.0.2):
    - BlueprintUI (~> 3.0)
    - ListableUI
  - BlueprintUILists/Tests (14.0.2):
    - BlueprintUI (~> 3.0)
    - BlueprintUICommonControls (~> 3.0)
    - ListableUI
  - EnglishDictionary (1.0.0.LOCAL)
  - ListableUI (14.0.2)
  - ListableUI/Tests (14.0.2):
    - EnglishDictionary
    - Snapshot
  - Snapshot (1.0.0.LOCAL)
  - Snapshot/Tests (1.0.0.LOCAL)

DEPENDENCIES:
  - BlueprintUI
  - BlueprintUICommonControls
  - BlueprintUILists (from `BlueprintUILists.podspec`)
  - BlueprintUILists/Tests (from `BlueprintUILists.podspec`)
  - EnglishDictionary (from `Internal Pods/EnglishDictionary/EnglishDictionary.podspec`)
  - ListableUI (from `ListableUI.podspec`)
  - ListableUI/Tests (from `ListableUI.podspec`)
  - Snapshot (from `Internal Pods/Snapshot/Snapshot.podspec`)
  - Snapshot/Tests (from `Internal Pods/Snapshot/Snapshot.podspec`)

SPEC REPOS:
  trunk:
    - BlueprintUI
    - BlueprintUICommonControls

EXTERNAL SOURCES:
  BlueprintUILists:
    :path: BlueprintUILists.podspec
  EnglishDictionary:
    :path: Internal Pods/EnglishDictionary/EnglishDictionary.podspec
  ListableUI:
    :path: ListableUI.podspec
  Snapshot:
    :path: Internal Pods/Snapshot/Snapshot.podspec

SPEC CHECKSUMS:
  BlueprintUI: 76e054862aceb2b014a7953464c5769af55c13d5
  BlueprintUICommonControls: 9219a0b82ea4b95bbeef44d3fbc65b9b01f1acba
  BlueprintUILists: 0b20c48457844ad52f0adbae0e10e6dd9b9372e1
  EnglishDictionary: 2cf40d33cc1b68c4152a1cc69561aaf6e4ba0209
  ListableUI: 584fff68842032cc5026fccc96b19cadf41f9fa3
  Snapshot: 574e65b08c02491a541efbd2619c92cc26514d1c

PODFILE CHECKSUM: 2b979d4f2436d28af7c87b125b646836119b89b7

COCOAPODS: 1.15.2
