PODS:
  - BlueprintLists (0.1.1):
    - BlueprintUI
    - Listable
  - BlueprintLists/Tests (0.1.1):
    - BlueprintUI
    - Listable
  - BlueprintUI (0.3.0)
  - BlueprintUICommonControls (0.3.1):
    - BlueprintUI
  - EnglishDictionary (1.0.0.LOCAL)
  - Listable (1.0.0.LOCAL)
  - Listable/Tests (1.0.0.LOCAL):
    - EnglishDictionary

DEPENDENCIES:
  - BlueprintLists (from `BlueprintLists.podspec`)
  - BlueprintLists/Tests (from `BlueprintLists.podspec`)
  - BlueprintUI
  - BlueprintUICommonControls
  - EnglishDictionary (from `Internal Pods/EnglishDictionary/EnglishDictionary.podspec`)
  - Listable (from `Listable.podspec`)
  - Listable/Tests (from `Listable.podspec`)

SPEC REPOS:
  https://github.com/cocoapods/specs.git:
    - BlueprintUI
    - BlueprintUICommonControls

EXTERNAL SOURCES:
  BlueprintLists:
    :path: BlueprintLists.podspec
  EnglishDictionary:
    :path: Internal Pods/EnglishDictionary/EnglishDictionary.podspec
  Listable:
    :path: Listable.podspec

SPEC CHECKSUMS:
  BlueprintLists: f10700b43695f4e3cbeb0b031a56d761ba66f80a
  BlueprintUI: fce00cd8b9e73cf09462b8b74159b6d1f40d9f93
  BlueprintUICommonControls: e9e1dfa75f3088bb31f6813ff9d8d7dd86af81cc
  EnglishDictionary: 721fe51964d2e39ca2c1e1d5741dfae0753c9223
  Listable: a1abeb0f66e644649cb4f95105ba739711dc59f7

PODFILE CHECKSUM: 0b070164acc5f1879ebb4bc1a8424306226dc85c

COCOAPODS: 1.7.5
