PODS:
  - BlueprintLists (0.6.0):
    - BlueprintUI
    - Listable
  - BlueprintLists/Tests (0.6.0):
    - BlueprintUI
    - Listable
  - BlueprintUI (0.11.0)
  - BlueprintUICommonControls (0.11.0):
    - BlueprintUI
  - EnglishDictionary (1.0.0.LOCAL)
  - Listable (0.6.0)
  - Listable/Tests (0.6.0):
    - EnglishDictionary
    - Snapshot
  - Snapshot (1.0.0.LOCAL)
  - Snapshot/Tests (1.0.0.LOCAL)

DEPENDENCIES:
  - BlueprintLists (from `BlueprintLists.podspec`)
  - BlueprintLists/Tests (from `BlueprintLists.podspec`)
  - BlueprintUI
  - BlueprintUICommonControls
  - EnglishDictionary (from `Internal Pods/EnglishDictionary/EnglishDictionary.podspec`)
  - Listable (from `Listable.podspec`)
  - Listable/Tests (from `Listable.podspec`)
  - Snapshot (from `Internal Pods/Snapshot/Snapshot.podspec`)
  - Snapshot/Tests (from `Internal Pods/Snapshot/Snapshot.podspec`)

SPEC REPOS:
  trunk:
    - BlueprintUI
    - BlueprintUICommonControls

EXTERNAL SOURCES:
  BlueprintLists:
    :path: BlueprintLists.podspec
  EnglishDictionary:
    :path: Internal Pods/EnglishDictionary/EnglishDictionary.podspec
  Listable:
    :path: Listable.podspec
  Snapshot:
    :path: Internal Pods/Snapshot/Snapshot.podspec

SPEC CHECKSUMS:
  BlueprintLists: 7dde9b8cf1139be5aa5e84fb05f01a56df498c12
  BlueprintUI: bc5bc9913d897c10dc44c544747afc2a63b26744
  BlueprintUICommonControls: d982c07e38112d9d2d5f5d315c0edc54db0d349e
  EnglishDictionary: f03968b9382ddc5c8dd63535efbf783c6cd45f1c
  Listable: 836bc4b9756a96aa47e29a2e59e57386666a3288
  Snapshot: cda3414db426919d09f775434b36289c8e864183

PODFILE CHECKSUM: ede5b0b1b0dfe04b49195609ea6bccb6b577e01f

COCOAPODS: 1.8.4
