{
  "pins" : [
    {
      "identity" : "blueprint",
      "kind" : "remoteSourceControl",
      "location" : "https://github.com/square/Blueprint",
      "state" : {
        "revision" : "6e4698ba60752155fc62f39c1fea74cd1d3f18cc",
        "version" : "6.0.0"
      }
    },
    {
      "identity" : "swift-keyboard-observer",
      "kind" : "remoteSourceControl",
      "location" : "https://github.com/square/swift-keyboard-observer",
      "state" : {
        "revision" : "a4f4de6b0f7dacca7132672004ece83d027f4ad4",
        "version" : "1.1.0"
      }
    }
  ],
  "version" : 2
}
