// !$*UTF8*$!
{
	archiveVersion = 1;
	classes = {
	};
	objectVersion = 51;
	objects = {

/* Begin PBXBuildFile section */
		0A02B2F42675E14600B3501B /* PaymentTypesViewController.swift in Sources */ = {isa = PBXBuildFile; fileRef = 0A02B2F32675E14600B3501B /* PaymentTypesViewController.swift */; };
		0A07119324BA798400CDF65D /* ListStateViewController.swift in Sources */ = {isa = PBXBuildFile; fileRef = 0A07119224BA798400CDF65D /* ListStateViewController.swift */; };
		0A0E070423870A5700DDD27D /* README.md in Resources */ = {isa = PBXBuildFile; fileRef = 0A0E070323870A5700DDD27D /* README.md */; };
		0A1306E7272F29B300F6DDDD /* BestPractices.swift in Sources */ = {isa = PBXBuildFile; fileRef = 0A1306E6272F29B300F6DDDD /* BestPractices.swift */; };
		0A49210424E5E11300D17038 /* AccordionViewController.swift in Sources */ = {isa = PBXBuildFile; fileRef = 0A49210324E5E11300D17038 /* AccordionViewController.swift */; };
		0A57BA2D274FFCE000A118BD /* FlowLayoutViewController.swift in Sources */ = {isa = PBXBuildFile; fileRef = 0A57BA2C274FFCE000A118BD /* FlowLayoutViewController.swift */; };
		0A5DC1A924F6FD4200DC7C14 /* ListAppearsAfterKeyboardViewController.swift in Sources */ = {isa = PBXBuildFile; fileRef = 0A5DC1A824F6FD4200DC7C14 /* ListAppearsAfterKeyboardViewController.swift */; };
		0A5F5CCF257EC2D7003CCE2C /* LocalizedCollationViewController.swift in Sources */ = {isa = PBXBuildFile; fileRef = 0A5F5CCE257EC2D7003CCE2C /* LocalizedCollationViewController.swift */; };
		0A66420B254A317A007F6B2F /* AutoLayoutDemoViewController.swift in Sources */ = {isa = PBXBuildFile; fileRef = 0A66420A254A317A007F6B2F /* AutoLayoutDemoViewController.swift */; };
		0A7759D728FD923B00FD7C2A /* UpdateFuzzingViewController.swift in Sources */ = {isa = PBXBuildFile; fileRef = 0A7759D628FD923B00FD7C2A /* UpdateFuzzingViewController.swift */; };
		0A793B5824E4B53500850139 /* ManualSelectionManagementViewController.swift in Sources */ = {isa = PBXBuildFile; fileRef = 0A793B5724E4B53500850139 /* ManualSelectionManagementViewController.swift */; };
		0A87BA652463567B0047C3B5 /* CHANGELOG.md in Resources */ = {isa = PBXBuildFile; fileRef = 0A87BA642463567B0047C3B5 /* CHANGELOG.md */; };
		0AA4D9BA248064A300CF95A5 /* SystemFlowLayoutViewController.swift in Sources */ = {isa = PBXBuildFile; fileRef = 0AA4D9A9248064A200CF95A5 /* SystemFlowLayoutViewController.swift */; };
		0AA4D9BB248064A300CF95A5 /* ScrollViewEdgesPlaygroundViewController.swift in Sources */ = {isa = PBXBuildFile; fileRef = 0AA4D9AA248064A200CF95A5 /* ScrollViewEdgesPlaygroundViewController.swift */; };
		0AA4D9BC248064A300CF95A5 /* KeyboardTestingViewController.swift in Sources */ = {isa = PBXBuildFile; fileRef = 0AA4D9AB248064A300CF95A5 /* KeyboardTestingViewController.swift */; };
		0AA4D9BD248064A300CF95A5 /* BlueprintListDemoViewController.swift in Sources */ = {isa = PBXBuildFile; fileRef = 0AA4D9AC248064A300CF95A5 /* BlueprintListDemoViewController.swift */; };
		0AA4D9BE248064A300CF95A5 /* DemosRootViewController.swift in Sources */ = {isa = PBXBuildFile; fileRef = 0AA4D9AD248064A300CF95A5 /* DemosRootViewController.swift */; };
		0AA4D9BF248064A300CF95A5 /* WidthCustomizationViewController.swift in Sources */ = {isa = PBXBuildFile; fileRef = 0AA4D9AE248064A300CF95A5 /* WidthCustomizationViewController.swift */; };
		0AA4D9C0248064A300CF95A5 /* InvoicesPaymentScheduleDemoViewController.swift in Sources */ = {isa = PBXBuildFile; fileRef = 0AA4D9AF248064A300CF95A5 /* InvoicesPaymentScheduleDemoViewController.swift */; };
		0AA4D9C1248064A300CF95A5 /* CoordinatorViewController.swift in Sources */ = {isa = PBXBuildFile; fileRef = 0AA4D9B0248064A300CF95A5 /* CoordinatorViewController.swift */; };
		0AA4D9C2248064A300CF95A5 /* HorizontalLayoutViewController.swift in Sources */ = {isa = PBXBuildFile; fileRef = 0AA4D9B1248064A300CF95A5 /* HorizontalLayoutViewController.swift */; };
		0AA4D9C3248064A300CF95A5 /* CollectionViewAppearance.swift in Sources */ = {isa = PBXBuildFile; fileRef = 0AA4D9B2248064A300CF95A5 /* CollectionViewAppearance.swift */; };
		0AA4D9C4248064A300CF95A5 /* ItemizationEditorViewController.swift in Sources */ = {isa = PBXBuildFile; fileRef = 0AA4D9B3248064A300CF95A5 /* ItemizationEditorViewController.swift */; };
		0AA4D9C5248064A300CF95A5 /* AutoScrollingViewController.swift in Sources */ = {isa = PBXBuildFile; fileRef = 0AA4D9B4248064A300CF95A5 /* AutoScrollingViewController.swift */; };
		0AA4D9C6248064A300CF95A5 /* SwipeActionsViewController.swift in Sources */ = {isa = PBXBuildFile; fileRef = 0AA4D9B5248064A300CF95A5 /* SwipeActionsViewController.swift */; };
		0AA4D9C7248064A300CF95A5 /* SearchableDictionaryViewController.swift in Sources */ = {isa = PBXBuildFile; fileRef = 0AA4D9B6248064A300CF95A5 /* SearchableDictionaryViewController.swift */; };
		0AA4D9C8248064A300CF95A5 /* ReorderingViewController.swift in Sources */ = {isa = PBXBuildFile; fileRef = 0AA4D9B7248064A300CF95A5 /* ReorderingViewController.swift */; };
		0AA4D9C9248064A300CF95A5 /* CollectionViewBasicDemoViewController.swift in Sources */ = {isa = PBXBuildFile; fileRef = 0AA4D9B8248064A300CF95A5 /* CollectionViewBasicDemoViewController.swift */; };
		0AC2A1962489F93E00779459 /* PagedViewController.swift in Sources */ = {isa = PBXBuildFile; fileRef = 0AC2A1952489F93E00779459 /* PagedViewController.swift */; };
		0AC839A525EEAD110055CEF5 /* OnTapItemAnimationViewController.swift in Sources */ = {isa = PBXBuildFile; fileRef = 0AC839A425EEAD110055CEF5 /* OnTapItemAnimationViewController.swift */; };
		0ACF96D624A0094D0090EAC4 /* ItemInsertAndRemoveAnimationsViewController.swift in Sources */ = {isa = PBXBuildFile; fileRef = 0ACF96D524A0094D0090EAC4 /* ItemInsertAndRemoveAnimationsViewController.swift */; };
		0AD6767A25423BE500A49315 /* MultiSelectViewController.swift in Sources */ = {isa = PBXBuildFile; fileRef = 0AD6767925423BE500A49315 /* MultiSelectViewController.swift */; };
		0AD827DC2752C8A700D42B4A /* CarouselLayoutViewController.swift in Sources */ = {isa = PBXBuildFile; fileRef = 0AD827DB2752C8A700D42B4A /* CarouselLayoutViewController.swift */; };
		0ADC3B3524907C80008DF2C0 /* XcodePreviewDemo.swift in Sources */ = {isa = PBXBuildFile; fileRef = 0ADC3B3424907C80008DF2C0 /* XcodePreviewDemo.swift */; };
		0AE855512390933100F2E245 /* Test_Targets.swift in Sources */ = {isa = PBXBuildFile; fileRef = 0AE855502390933100F2E245 /* Test_Targets.swift */; };
		0AEB96B922FBCBA600341DFF /* Assets.xcassets in Resources */ = {isa = PBXBuildFile; fileRef = 0AEB96B822FBCBA600341DFF /* Assets.xcassets */; };
		0AEB96BC22FBCBA600341DFF /* LaunchScreen.storyboard in Resources */ = {isa = PBXBuildFile; fileRef = 0AEB96BA22FBCBA600341DFF /* LaunchScreen.storyboard */; };
		0AEB96E222FBCC1D00341DFF /* AppDelegate.swift in Sources */ = {isa = PBXBuildFile; fileRef = 0AEB96D322FBCC1D00341DFF /* AppDelegate.swift */; };
		1F46FB6B26010F4900760961 /* RefreshControlOffsetAdjustmentViewController.swift in Sources */ = {isa = PBXBuildFile; fileRef = 1F46FB6A26010F4900760961 /* RefreshControlOffsetAdjustmentViewController.swift */; };
		27B4DCE9244F88BE001BA9D9 /* Assets.xcassets in Resources */ = {isa = PBXBuildFile; fileRef = 27B4DCE8244F88BE001BA9D9 /* Assets.xcassets */; };
		2B56913A2846737C00E575BE /* AutoScrollingViewController2.swift in Sources */ = {isa = PBXBuildFile; fileRef = 2B5691392846737C00E575BE /* AutoScrollingViewController2.swift */; };
		2B8804652490844A003BB351 /* SpacingCustomizationViewController.swift in Sources */ = {isa = PBXBuildFile; fileRef = 2B8804642490844A003BB351 /* SpacingCustomizationViewController.swift */; };
		397F72040272B0B12CAD9AEE /* Pods_Test_Targets.framework in Frameworks */ = {isa = PBXBuildFile; fileRef = CF78F98F7ED38C2DC8078110 /* Pods_Test_Targets.framework */; };
		8ECEBF6228B7E4C200ECEC56 /* CenterSnappingTableViewController.swift in Sources */ = {isa = PBXBuildFile; fileRef = 8ECEBF6128B7E4C200ECEC56 /* CenterSnappingTableViewController.swift */; };
		B223A33A769988911ED5C0E1 /* Pods_Demo.framework in Frameworks */ = {isa = PBXBuildFile; fileRef = A1C03134338F55F7FD12551D /* Pods_Demo.framework */; };
/* End PBXBuildFile section */

/* Begin PBXFileReference section */
		06908B38E59ACD7502B5332F /* Pods-Demo.release.xcconfig */ = {isa = PBXFileReference; includeInIndex = 1; lastKnownFileType = text.xcconfig; name = "Pods-Demo.release.xcconfig"; path = "Target Support Files/Pods-Demo/Pods-Demo.release.xcconfig"; sourceTree = "<group>"; };
		0A02B2F32675E14600B3501B /* PaymentTypesViewController.swift */ = {isa = PBXFileReference; lastKnownFileType = sourcecode.swift; path = PaymentTypesViewController.swift; sourceTree = "<group>"; };
		0A07119224BA798400CDF65D /* ListStateViewController.swift */ = {isa = PBXFileReference; lastKnownFileType = sourcecode.swift; path = ListStateViewController.swift; sourceTree = "<group>"; };
		0A0E070323870A5700DDD27D /* README.md */ = {isa = PBXFileReference; fileEncoding = 4; lastKnownFileType = net.daringfireball.markdown; name = README.md; path = ../README.md; sourceTree = "<group>"; };
		0A1306E6272F29B300F6DDDD /* BestPractices.swift */ = {isa = PBXFileReference; lastKnownFileType = sourcecode.swift; path = BestPractices.swift; sourceTree = "<group>"; };
		0A1306EA272F762500F6DDDD /* TASKLIST.md */ = {isa = PBXFileReference; lastKnownFileType = net.daringfireball.markdown; name = TASKLIST.md; path = ../TASKLIST.md; sourceTree = "<group>"; };
		0A49210324E5E11300D17038 /* AccordionViewController.swift */ = {isa = PBXFileReference; fileEncoding = 4; lastKnownFileType = sourcecode.swift; path = AccordionViewController.swift; sourceTree = "<group>"; };
		0A57BA2C274FFCE000A118BD /* FlowLayoutViewController.swift */ = {isa = PBXFileReference; lastKnownFileType = sourcecode.swift; path = FlowLayoutViewController.swift; sourceTree = "<group>"; };
		0A5DC1A824F6FD4200DC7C14 /* ListAppearsAfterKeyboardViewController.swift */ = {isa = PBXFileReference; lastKnownFileType = sourcecode.swift; path = ListAppearsAfterKeyboardViewController.swift; sourceTree = "<group>"; };
		0A5F5CCE257EC2D7003CCE2C /* LocalizedCollationViewController.swift */ = {isa = PBXFileReference; lastKnownFileType = sourcecode.swift; path = LocalizedCollationViewController.swift; sourceTree = "<group>"; };
		0A66420A254A317A007F6B2F /* AutoLayoutDemoViewController.swift */ = {isa = PBXFileReference; lastKnownFileType = sourcecode.swift; path = AutoLayoutDemoViewController.swift; sourceTree = "<group>"; };
		0A7759D628FD923B00FD7C2A /* UpdateFuzzingViewController.swift */ = {isa = PBXFileReference; lastKnownFileType = sourcecode.swift; path = UpdateFuzzingViewController.swift; sourceTree = "<group>"; };
		0A793B5724E4B53500850139 /* ManualSelectionManagementViewController.swift */ = {isa = PBXFileReference; lastKnownFileType = sourcecode.swift; path = ManualSelectionManagementViewController.swift; sourceTree = "<group>"; };
		0A87BA642463567B0047C3B5 /* CHANGELOG.md */ = {isa = PBXFileReference; fileEncoding = 4; lastKnownFileType = net.daringfireball.markdown; name = CHANGELOG.md; path = ../CHANGELOG.md; sourceTree = "<group>"; };
		0AA4D9A9248064A200CF95A5 /* SystemFlowLayoutViewController.swift */ = {isa = PBXFileReference; fileEncoding = 4; lastKnownFileType = sourcecode.swift; path = SystemFlowLayoutViewController.swift; sourceTree = "<group>"; };
		0AA4D9AA248064A200CF95A5 /* ScrollViewEdgesPlaygroundViewController.swift */ = {isa = PBXFileReference; fileEncoding = 4; lastKnownFileType = sourcecode.swift; path = ScrollViewEdgesPlaygroundViewController.swift; sourceTree = "<group>"; };
		0AA4D9AB248064A300CF95A5 /* KeyboardTestingViewController.swift */ = {isa = PBXFileReference; fileEncoding = 4; lastKnownFileType = sourcecode.swift; path = KeyboardTestingViewController.swift; sourceTree = "<group>"; };
		0AA4D9AC248064A300CF95A5 /* BlueprintListDemoViewController.swift */ = {isa = PBXFileReference; fileEncoding = 4; lastKnownFileType = sourcecode.swift; path = BlueprintListDemoViewController.swift; sourceTree = "<group>"; };
		0AA4D9AD248064A300CF95A5 /* DemosRootViewController.swift */ = {isa = PBXFileReference; fileEncoding = 4; lastKnownFileType = sourcecode.swift; path = DemosRootViewController.swift; sourceTree = "<group>"; };
		0AA4D9AE248064A300CF95A5 /* WidthCustomizationViewController.swift */ = {isa = PBXFileReference; fileEncoding = 4; lastKnownFileType = sourcecode.swift; path = WidthCustomizationViewController.swift; sourceTree = "<group>"; };
		0AA4D9AF248064A300CF95A5 /* InvoicesPaymentScheduleDemoViewController.swift */ = {isa = PBXFileReference; fileEncoding = 4; lastKnownFileType = sourcecode.swift; path = InvoicesPaymentScheduleDemoViewController.swift; sourceTree = "<group>"; };
		0AA4D9B0248064A300CF95A5 /* CoordinatorViewController.swift */ = {isa = PBXFileReference; fileEncoding = 4; lastKnownFileType = sourcecode.swift; path = CoordinatorViewController.swift; sourceTree = "<group>"; };
		0AA4D9B1248064A300CF95A5 /* HorizontalLayoutViewController.swift */ = {isa = PBXFileReference; fileEncoding = 4; lastKnownFileType = sourcecode.swift; path = HorizontalLayoutViewController.swift; sourceTree = "<group>"; };
		0AA4D9B2248064A300CF95A5 /* CollectionViewAppearance.swift */ = {isa = PBXFileReference; fileEncoding = 4; lastKnownFileType = sourcecode.swift; path = CollectionViewAppearance.swift; sourceTree = "<group>"; };
		0AA4D9B3248064A300CF95A5 /* ItemizationEditorViewController.swift */ = {isa = PBXFileReference; fileEncoding = 4; lastKnownFileType = sourcecode.swift; path = ItemizationEditorViewController.swift; sourceTree = "<group>"; };
		0AA4D9B4248064A300CF95A5 /* AutoScrollingViewController.swift */ = {isa = PBXFileReference; fileEncoding = 4; lastKnownFileType = sourcecode.swift; path = AutoScrollingViewController.swift; sourceTree = "<group>"; };
		0AA4D9B5248064A300CF95A5 /* SwipeActionsViewController.swift */ = {isa = PBXFileReference; fileEncoding = 4; lastKnownFileType = sourcecode.swift; path = SwipeActionsViewController.swift; sourceTree = "<group>"; };
		0AA4D9B6248064A300CF95A5 /* SearchableDictionaryViewController.swift */ = {isa = PBXFileReference; fileEncoding = 4; lastKnownFileType = sourcecode.swift; path = SearchableDictionaryViewController.swift; sourceTree = "<group>"; };
		0AA4D9B7248064A300CF95A5 /* ReorderingViewController.swift */ = {isa = PBXFileReference; fileEncoding = 4; lastKnownFileType = sourcecode.swift; path = ReorderingViewController.swift; sourceTree = "<group>"; };
		0AA4D9B8248064A300CF95A5 /* CollectionViewBasicDemoViewController.swift */ = {isa = PBXFileReference; fileEncoding = 4; lastKnownFileType = sourcecode.swift; path = CollectionViewBasicDemoViewController.swift; sourceTree = "<group>"; };
		0AC2A1952489F93E00779459 /* PagedViewController.swift */ = {isa = PBXFileReference; lastKnownFileType = sourcecode.swift; path = PagedViewController.swift; sourceTree = "<group>"; };
		0AC839A425EEAD110055CEF5 /* OnTapItemAnimationViewController.swift */ = {isa = PBXFileReference; lastKnownFileType = sourcecode.swift; path = OnTapItemAnimationViewController.swift; sourceTree = "<group>"; };
		0ACF96D524A0094D0090EAC4 /* ItemInsertAndRemoveAnimationsViewController.swift */ = {isa = PBXFileReference; lastKnownFileType = sourcecode.swift; path = ItemInsertAndRemoveAnimationsViewController.swift; sourceTree = "<group>"; };
		0AD6767925423BE500A49315 /* MultiSelectViewController.swift */ = {isa = PBXFileReference; lastKnownFileType = sourcecode.swift; path = MultiSelectViewController.swift; sourceTree = "<group>"; };
		0AD827DB2752C8A700D42B4A /* CarouselLayoutViewController.swift */ = {isa = PBXFileReference; lastKnownFileType = sourcecode.swift; path = CarouselLayoutViewController.swift; sourceTree = "<group>"; };
		0ADC3B3424907C80008DF2C0 /* XcodePreviewDemo.swift */ = {isa = PBXFileReference; lastKnownFileType = sourcecode.swift; path = XcodePreviewDemo.swift; sourceTree = "<group>"; };
		0AE8554E2390933100F2E245 /* Test Targets.xctest */ = {isa = PBXFileReference; explicitFileType = wrapper.cfbundle; includeInIndex = 0; path = "Test Targets.xctest"; sourceTree = BUILT_PRODUCTS_DIR; };
		0AE855502390933100F2E245 /* Test_Targets.swift */ = {isa = PBXFileReference; lastKnownFileType = sourcecode.swift; path = Test_Targets.swift; sourceTree = "<group>"; };
		0AE855522390933100F2E245 /* Info.plist */ = {isa = PBXFileReference; lastKnownFileType = text.plist.xml; path = Info.plist; sourceTree = "<group>"; };
		0AEB96AE22FBCBA500341DFF /* Demo.app */ = {isa = PBXFileReference; explicitFileType = wrapper.application; includeInIndex = 0; path = Demo.app; sourceTree = BUILT_PRODUCTS_DIR; };
		0AEB96B822FBCBA600341DFF /* Assets.xcassets */ = {isa = PBXFileReference; lastKnownFileType = folder.assetcatalog; path = Assets.xcassets; sourceTree = "<group>"; };
		0AEB96BB22FBCBA600341DFF /* Base */ = {isa = PBXFileReference; lastKnownFileType = file.storyboard; name = Base; path = Base.lproj/LaunchScreen.storyboard; sourceTree = "<group>"; };
		0AEB96BD22FBCBA600341DFF /* Info.plist */ = {isa = PBXFileReference; lastKnownFileType = text.plist.xml; path = Info.plist; sourceTree = "<group>"; };
		0AEB96D322FBCC1D00341DFF /* AppDelegate.swift */ = {isa = PBXFileReference; fileEncoding = 4; lastKnownFileType = sourcecode.swift; path = AppDelegate.swift; sourceTree = "<group>"; };
		1F46FB6A26010F4900760961 /* RefreshControlOffsetAdjustmentViewController.swift */ = {isa = PBXFileReference; lastKnownFileType = sourcecode.swift; path = RefreshControlOffsetAdjustmentViewController.swift; sourceTree = "<group>"; };
		27B4DCE8244F88BE001BA9D9 /* Assets.xcassets */ = {isa = PBXFileReference; lastKnownFileType = folder.assetcatalog; path = Assets.xcassets; sourceTree = "<group>"; };
		2B5691392846737C00E575BE /* AutoScrollingViewController2.swift */ = {isa = PBXFileReference; lastKnownFileType = sourcecode.swift; path = AutoScrollingViewController2.swift; sourceTree = "<group>"; };
		2B8804642490844A003BB351 /* SpacingCustomizationViewController.swift */ = {isa = PBXFileReference; lastKnownFileType = sourcecode.swift; path = SpacingCustomizationViewController.swift; sourceTree = "<group>"; };
		8ECEBF6128B7E4C200ECEC56 /* CenterSnappingTableViewController.swift */ = {isa = PBXFileReference; fileEncoding = 4; lastKnownFileType = sourcecode.swift; path = CenterSnappingTableViewController.swift; sourceTree = "<group>"; };
		A1C03134338F55F7FD12551D /* Pods_Demo.framework */ = {isa = PBXFileReference; explicitFileType = wrapper.framework; includeInIndex = 0; path = Pods_Demo.framework; sourceTree = BUILT_PRODUCTS_DIR; };
		C55FB4CC847A4E4F271441F7 /* Pods-Test Targets.debug.xcconfig */ = {isa = PBXFileReference; includeInIndex = 1; lastKnownFileType = text.xcconfig; name = "Pods-Test Targets.debug.xcconfig"; path = "Target Support Files/Pods-Test Targets/Pods-Test Targets.debug.xcconfig"; sourceTree = "<group>"; };
		C9EC890C0D683F6A704AB9ED /* Pods-Demo.debug.xcconfig */ = {isa = PBXFileReference; includeInIndex = 1; lastKnownFileType = text.xcconfig; name = "Pods-Demo.debug.xcconfig"; path = "Target Support Files/Pods-Demo/Pods-Demo.debug.xcconfig"; sourceTree = "<group>"; };
		CF78F98F7ED38C2DC8078110 /* Pods_Test_Targets.framework */ = {isa = PBXFileReference; explicitFileType = wrapper.framework; includeInIndex = 0; path = Pods_Test_Targets.framework; sourceTree = BUILT_PRODUCTS_DIR; };
		E0E11D5AA6E2508505BEE4FC /* Pods-Test Targets.release.xcconfig */ = {isa = PBXFileReference; includeInIndex = 1; lastKnownFileType = text.xcconfig; name = "Pods-Test Targets.release.xcconfig"; path = "Target Support Files/Pods-Test Targets/Pods-Test Targets.release.xcconfig"; sourceTree = "<group>"; };
/* End PBXFileReference section */

/* Begin PBXFrameworksBuildPhase section */
		0AE8554B2390933100F2E245 /* Frameworks */ = {
			isa = PBXFrameworksBuildPhase;
			buildActionMask = 2147483647;
			files = (
				397F72040272B0B12CAD9AEE /* Pods_Test_Targets.framework in Frameworks */,
			);
			runOnlyForDeploymentPostprocessing = 0;
		};
		0AEB96AB22FBCBA500341DFF /* Frameworks */ = {
			isa = PBXFrameworksBuildPhase;
			buildActionMask = 2147483647;
			files = (
				B223A33A769988911ED5C0E1 /* Pods_Demo.framework in Frameworks */,
			);
			runOnlyForDeploymentPostprocessing = 0;
		};
/* End PBXFrameworksBuildPhase section */

/* Begin PBXGroup section */
		0AA4D9A7248064A200CF95A5 /* Demos */ = {
			isa = PBXGroup;
			children = (
				0AA4D9AD248064A300CF95A5 /* DemosRootViewController.swift */,
				0ADC3B3424907C80008DF2C0 /* XcodePreviewDemo.swift */,
				0A1306E6272F29B300F6DDDD /* BestPractices.swift */,
				0AA4D9CA248064AE00CF95A5 /* Demo Screens */,
			);
			path = Demos;
			sourceTree = "<group>";
		};
		0AA4D9CA248064AE00CF95A5 /* Demo Screens */ = {
			isa = PBXGroup;
			children = (
				0A49210324E5E11300D17038 /* AccordionViewController.swift */,
				0A66420A254A317A007F6B2F /* AutoLayoutDemoViewController.swift */,
				0AA4D9B4248064A300CF95A5 /* AutoScrollingViewController.swift */,
				0AA4D9AC248064A300CF95A5 /* BlueprintListDemoViewController.swift */,
				8ECEBF6128B7E4C200ECEC56 /* CenterSnappingTableViewController.swift */,
				0AA4D9B2248064A300CF95A5 /* CollectionViewAppearance.swift */,
				0AA4D9B8248064A300CF95A5 /* CollectionViewBasicDemoViewController.swift */,
				0AA4D9B6248064A300CF95A5 /* SearchableDictionaryViewController.swift */,
				0A57BA2C274FFCE000A118BD /* FlowLayoutViewController.swift */,
				0AA4D9B0248064A300CF95A5 /* CoordinatorViewController.swift */,
				0AD827DB2752C8A700D42B4A /* CarouselLayoutViewController.swift */,
				0AA4D9A9248064A200CF95A5 /* SystemFlowLayoutViewController.swift */,
				0AA4D9B1248064A300CF95A5 /* HorizontalLayoutViewController.swift */,
				0AA4D9AF248064A300CF95A5 /* InvoicesPaymentScheduleDemoViewController.swift */,
				0ACF96D524A0094D0090EAC4 /* ItemInsertAndRemoveAnimationsViewController.swift */,
				0AA4D9B3248064A300CF95A5 /* ItemizationEditorViewController.swift */,
				0AA4D9AB248064A300CF95A5 /* KeyboardTestingViewController.swift */,
				0A5DC1A824F6FD4200DC7C14 /* ListAppearsAfterKeyboardViewController.swift */,
				0A07119224BA798400CDF65D /* ListStateViewController.swift */,
				0A5F5CCE257EC2D7003CCE2C /* LocalizedCollationViewController.swift */,
				0A7759D628FD923B00FD7C2A /* UpdateFuzzingViewController.swift */,
				0AD6767925423BE500A49315 /* MultiSelectViewController.swift */,
				0AC2A1952489F93E00779459 /* PagedViewController.swift */,
				0AA4D9B7248064A300CF95A5 /* ReorderingViewController.swift */,
				0A02B2F32675E14600B3501B /* PaymentTypesViewController.swift */,
				1F46FB6A26010F4900760961 /* RefreshControlOffsetAdjustmentViewController.swift */,
				0AA4D9AA248064A200CF95A5 /* ScrollViewEdgesPlaygroundViewController.swift */,
				0A793B5724E4B53500850139 /* ManualSelectionManagementViewController.swift */,
				2B8804642490844A003BB351 /* SpacingCustomizationViewController.swift */,
				0AA4D9B5248064A300CF95A5 /* SwipeActionsViewController.swift */,
				0AA4D9AE248064A300CF95A5 /* WidthCustomizationViewController.swift */,
				0AC839A425EEAD110055CEF5 /* OnTapItemAnimationViewController.swift */,
				2B5691392846737C00E575BE /* AutoScrollingViewController2.swift */,
			);
			path = "Demo Screens";
			sourceTree = "<group>";
		};
		0AE8554F2390933100F2E245 /* Test Targets */ = {
			isa = PBXGroup;
			children = (
				0AE855502390933100F2E245 /* Test_Targets.swift */,
				0AE855522390933100F2E245 /* Info.plist */,
			);
			path = "Test Targets";
			sourceTree = "<group>";
		};
		0AEB96A522FBCBA500341DFF = {
			isa = PBXGroup;
			children = (
				0A0E070323870A5700DDD27D /* README.md */,
				0A87BA642463567B0047C3B5 /* CHANGELOG.md */,
				0A1306EA272F762500F6DDDD /* TASKLIST.md */,
				0AEB96C322FBCC1D00341DFF /* Sources */,
				0AEB96E522FBCC5300341DFF /* Resources */,
				0AEB96B022FBCBA500341DFF /* Demo */,
				0AE8554F2390933100F2E245 /* Test Targets */,
				0AEB96AF22FBCBA500341DFF /* Products */,
				D1BE1578C7B4AD1B1BE8CBAE /* Pods */,
				7D7D7238ABE5D315383FC050 /* Frameworks */,
			);
			sourceTree = "<group>";
		};
		0AEB96AF22FBCBA500341DFF /* Products */ = {
			isa = PBXGroup;
			children = (
				0AEB96AE22FBCBA500341DFF /* Demo.app */,
				0AE8554E2390933100F2E245 /* Test Targets.xctest */,
			);
			name = Products;
			sourceTree = "<group>";
		};
		0AEB96B022FBCBA500341DFF /* Demo */ = {
			isa = PBXGroup;
			children = (
				0AEB96B822FBCBA600341DFF /* Assets.xcassets */,
				0AEB96BA22FBCBA600341DFF /* LaunchScreen.storyboard */,
				0AEB96BD22FBCBA600341DFF /* Info.plist */,
			);
			path = Demo;
			sourceTree = "<group>";
		};
		0AEB96C322FBCC1D00341DFF /* Sources */ = {
			isa = PBXGroup;
			children = (
				0AA4D9A7248064A200CF95A5 /* Demos */,
				0AEB96D322FBCC1D00341DFF /* AppDelegate.swift */,
			);
			path = Sources;
			sourceTree = "<group>";
		};
		0AEB96E522FBCC5300341DFF /* Resources */ = {
			isa = PBXGroup;
			children = (
				27B4DCE8244F88BE001BA9D9 /* Assets.xcassets */,
			);
			path = Resources;
			sourceTree = "<group>";
		};
		7D7D7238ABE5D315383FC050 /* Frameworks */ = {
			isa = PBXGroup;
			children = (
				A1C03134338F55F7FD12551D /* Pods_Demo.framework */,
				CF78F98F7ED38C2DC8078110 /* Pods_Test_Targets.framework */,
			);
			name = Frameworks;
			sourceTree = "<group>";
		};
		D1BE1578C7B4AD1B1BE8CBAE /* Pods */ = {
			isa = PBXGroup;
			children = (
				C9EC890C0D683F6A704AB9ED /* Pods-Demo.debug.xcconfig */,
				06908B38E59ACD7502B5332F /* Pods-Demo.release.xcconfig */,
				C55FB4CC847A4E4F271441F7 /* Pods-Test Targets.debug.xcconfig */,
				E0E11D5AA6E2508505BEE4FC /* Pods-Test Targets.release.xcconfig */,
			);
			name = Pods;
			path = ../Pods;
			sourceTree = "<group>";
		};
/* End PBXGroup section */

/* Begin PBXNativeTarget section */
		0AE8554D2390933100F2E245 /* Test Targets */ = {
			isa = PBXNativeTarget;
			buildConfigurationList = 0AE855552390933100F2E245 /* Build configuration list for PBXNativeTarget "Test Targets" */;
			buildPhases = (
				10A7FF6A9A675616630246E7 /* [CP] Check Pods Manifest.lock */,
				0AE8554A2390933100F2E245 /* Sources */,
				0AE8554B2390933100F2E245 /* Frameworks */,
				0AE8554C2390933100F2E245 /* Resources */,
				862F34E187287FF48E818796 /* [CP] Embed Pods Frameworks */,
			);
			buildRules = (
			);
			dependencies = (
			);
			name = "Test Targets";
			productName = "Test Targets";
			productReference = 0AE8554E2390933100F2E245 /* Test Targets.xctest */;
			productType = "com.apple.product-type.bundle.unit-test";
		};
		0AEB96AD22FBCBA500341DFF /* Demo */ = {
			isa = PBXNativeTarget;
			buildConfigurationList = 0AEB96C022FBCBA600341DFF /* Build configuration list for PBXNativeTarget "Demo" */;
			buildPhases = (
				BFE813C074247E73A5CE35F0 /* [CP] Check Pods Manifest.lock */,
				0AEB96AA22FBCBA500341DFF /* Sources */,
				0AEB96AB22FBCBA500341DFF /* Frameworks */,
				0AEB96AC22FBCBA500341DFF /* Resources */,
				130B6EB7EAB8832E6435875E /* [CP] Embed Pods Frameworks */,
			);
			buildRules = (
			);
			dependencies = (
			);
			name = Demo;
			productName = Demo;
			productReference = 0AEB96AE22FBCBA500341DFF /* Demo.app */;
			productType = "com.apple.product-type.application";
		};
/* End PBXNativeTarget section */

/* Begin PBXProject section */
		0AEB96A622FBCBA500341DFF /* Project object */ = {
			isa = PBXProject;
			attributes = {
				LastSwiftUpdateCheck = 1110;
				LastUpgradeCheck = 1300;
				ORGANIZATIONNAME = "Kyle Van Essen";
				TargetAttributes = {
					0AE8554D2390933100F2E245 = {
						CreatedOnToolsVersion = 11.1;
					};
					0AEB96AD22FBCBA500341DFF = {
						CreatedOnToolsVersion = 10.3;
					};
				};
			};
			buildConfigurationList = 0AEB96A922FBCBA500341DFF /* Build configuration list for PBXProject "Demo" */;
			compatibilityVersion = "Xcode 9.3";
			developmentRegion = en;
			hasScannedForEncodings = 0;
			knownRegions = (
				en,
				Base,
			);
			mainGroup = 0AEB96A522FBCBA500341DFF;
			productRefGroup = 0AEB96AF22FBCBA500341DFF /* Products */;
			projectDirPath = "";
			projectRoot = "";
			targets = (
				0AEB96AD22FBCBA500341DFF /* Demo */,
				0AE8554D2390933100F2E245 /* Test Targets */,
			);
		};
/* End PBXProject section */

/* Begin PBXResourcesBuildPhase section */
		0AE8554C2390933100F2E245 /* Resources */ = {
			isa = PBXResourcesBuildPhase;
			buildActionMask = 2147483647;
			files = (
			);
			runOnlyForDeploymentPostprocessing = 0;
		};
		0AEB96AC22FBCBA500341DFF /* Resources */ = {
			isa = PBXResourcesBuildPhase;
			buildActionMask = 2147483647;
			files = (
				0A87BA652463567B0047C3B5 /* CHANGELOG.md in Resources */,
				0AEB96BC22FBCBA600341DFF /* LaunchScreen.storyboard in Resources */,
				0AEB96B922FBCBA600341DFF /* Assets.xcassets in Resources */,
				0A0E070423870A5700DDD27D /* README.md in Resources */,
				27B4DCE9244F88BE001BA9D9 /* Assets.xcassets in Resources */,
			);
			runOnlyForDeploymentPostprocessing = 0;
		};
/* End PBXResourcesBuildPhase section */

/* Begin PBXShellScriptBuildPhase section */
		10A7FF6A9A675616630246E7 /* [CP] Check Pods Manifest.lock */ = {
			isa = PBXShellScriptBuildPhase;
			buildActionMask = 2147483647;
			files = (
			);
			inputFileListPaths = (
			);
			inputPaths = (
				"${PODS_PODFILE_DIR_PATH}/Podfile.lock",
				"${PODS_ROOT}/Manifest.lock",
			);
			name = "[CP] Check Pods Manifest.lock";
			outputFileListPaths = (
			);
			outputPaths = (
				"$(DERIVED_FILE_DIR)/Pods-Test Targets-checkManifestLockResult.txt",
			);
			runOnlyForDeploymentPostprocessing = 0;
			shellPath = /bin/sh;
			shellScript = "diff \"${PODS_PODFILE_DIR_PATH}/Podfile.lock\" \"${PODS_ROOT}/Manifest.lock\" > /dev/null\nif [ $? != 0 ] ; then\n    # print error to STDERR\n    echo \"error: The sandbox is not in sync with the Podfile.lock. Run 'pod install' or update your CocoaPods installation.\" >&2\n    exit 1\nfi\n# This output is used by Xcode 'outputs' to avoid re-running this script phase.\necho \"SUCCESS\" > \"${SCRIPT_OUTPUT_FILE_0}\"\n";
			showEnvVarsInLog = 0;
		};
		130B6EB7EAB8832E6435875E /* [CP] Embed Pods Frameworks */ = {
			isa = PBXShellScriptBuildPhase;
			buildActionMask = 2147483647;
			files = (
			);
			inputFileListPaths = (
				"${PODS_ROOT}/Target Support Files/Pods-Demo/Pods-Demo-frameworks-${CONFIGURATION}-input-files.xcfilelist",
			);
			name = "[CP] Embed Pods Frameworks";
			outputFileListPaths = (
				"${PODS_ROOT}/Target Support Files/Pods-Demo/Pods-Demo-frameworks-${CONFIGURATION}-output-files.xcfilelist",
			);
			runOnlyForDeploymentPostprocessing = 0;
			shellPath = /bin/sh;
			shellScript = "\"${PODS_ROOT}/Target Support Files/Pods-Demo/Pods-Demo-frameworks.sh\"\n";
			showEnvVarsInLog = 0;
		};
		862F34E187287FF48E818796 /* [CP] Embed Pods Frameworks */ = {
			isa = PBXShellScriptBuildPhase;
			buildActionMask = 2147483647;
			files = (
			);
			inputFileListPaths = (
				"${PODS_ROOT}/Target Support Files/Pods-Test Targets/Pods-Test Targets-frameworks-${CONFIGURATION}-input-files.xcfilelist",
			);
			name = "[CP] Embed Pods Frameworks";
			outputFileListPaths = (
				"${PODS_ROOT}/Target Support Files/Pods-Test Targets/Pods-Test Targets-frameworks-${CONFIGURATION}-output-files.xcfilelist",
			);
			runOnlyForDeploymentPostprocessing = 0;
			shellPath = /bin/sh;
			shellScript = "\"${PODS_ROOT}/Target Support Files/Pods-Test Targets/Pods-Test Targets-frameworks.sh\"\n";
			showEnvVarsInLog = 0;
		};
		BFE813C074247E73A5CE35F0 /* [CP] Check Pods Manifest.lock */ = {
			isa = PBXShellScriptBuildPhase;
			buildActionMask = 2147483647;
			files = (
			);
			inputFileListPaths = (
			);
			inputPaths = (
				"${PODS_PODFILE_DIR_PATH}/Podfile.lock",
				"${PODS_ROOT}/Manifest.lock",
			);
			name = "[CP] Check Pods Manifest.lock";
			outputFileListPaths = (
			);
			outputPaths = (
				"$(DERIVED_FILE_DIR)/Pods-Demo-checkManifestLockResult.txt",
			);
			runOnlyForDeploymentPostprocessing = 0;
			shellPath = /bin/sh;
			shellScript = "diff \"${PODS_PODFILE_DIR_PATH}/Podfile.lock\" \"${PODS_ROOT}/Manifest.lock\" > /dev/null\nif [ $? != 0 ] ; then\n    # print error to STDERR\n    echo \"error: The sandbox is not in sync with the Podfile.lock. Run 'pod install' or update your CocoaPods installation.\" >&2\n    exit 1\nfi\n# This output is used by Xcode 'outputs' to avoid re-running this script phase.\necho \"SUCCESS\" > \"${SCRIPT_OUTPUT_FILE_0}\"\n";
			showEnvVarsInLog = 0;
		};
/* End PBXShellScriptBuildPhase section */

/* Begin PBXSourcesBuildPhase section */
		0AE8554A2390933100F2E245 /* Sources */ = {
			isa = PBXSourcesBuildPhase;
			buildActionMask = 2147483647;
			files = (
				0AE855512390933100F2E245 /* Test_Targets.swift in Sources */,
			);
			runOnlyForDeploymentPostprocessing = 0;
		};
		0AEB96AA22FBCBA500341DFF /* Sources */ = {
			isa = PBXSourcesBuildPhase;
			buildActionMask = 2147483647;
			files = (
				0AA4D9BE248064A300CF95A5 /* DemosRootViewController.swift in Sources */,
				0A57BA2D274FFCE000A118BD /* FlowLayoutViewController.swift in Sources */,
				0AA4D9C2248064A300CF95A5 /* HorizontalLayoutViewController.swift in Sources */,
				1F46FB6B26010F4900760961 /* RefreshControlOffsetAdjustmentViewController.swift in Sources */,
				2B56913A2846737C00E575BE /* AutoScrollingViewController2.swift in Sources */,
				0AA4D9C6248064A300CF95A5 /* SwipeActionsViewController.swift in Sources */,
				0AA4D9BF248064A300CF95A5 /* WidthCustomizationViewController.swift in Sources */,
				0AA4D9C8248064A300CF95A5 /* ReorderingViewController.swift in Sources */,
				0A5DC1A924F6FD4200DC7C14 /* ListAppearsAfterKeyboardViewController.swift in Sources */,
				0A07119324BA798400CDF65D /* ListStateViewController.swift in Sources */,
				0AA4D9C0248064A300CF95A5 /* InvoicesPaymentScheduleDemoViewController.swift in Sources */,
				0A66420B254A317A007F6B2F /* AutoLayoutDemoViewController.swift in Sources */,
				0AEB96E222FBCC1D00341DFF /* AppDelegate.swift in Sources */,
				0A793B5824E4B53500850139 /* ManualSelectionManagementViewController.swift in Sources */,
				8ECEBF6228B7E4C200ECEC56 /* CenterSnappingTableViewController.swift in Sources */,
				0AC839A525EEAD110055CEF5 /* OnTapItemAnimationViewController.swift in Sources */,
				0AA4D9C9248064A300CF95A5 /* CollectionViewBasicDemoViewController.swift in Sources */,
				0AA4D9BC248064A300CF95A5 /* KeyboardTestingViewController.swift in Sources */,
				0AA4D9C1248064A300CF95A5 /* CoordinatorViewController.swift in Sources */,
				0A49210424E5E11300D17038 /* AccordionViewController.swift in Sources */,
				0A1306E7272F29B300F6DDDD /* BestPractices.swift in Sources */,
				0AA4D9C3248064A300CF95A5 /* CollectionViewAppearance.swift in Sources */,
				2B8804652490844A003BB351 /* SpacingCustomizationViewController.swift in Sources */,
				0AA4D9BD248064A300CF95A5 /* BlueprintListDemoViewController.swift in Sources */,
				0AA4D9BB248064A300CF95A5 /* ScrollViewEdgesPlaygroundViewController.swift in Sources */,
				0ACF96D624A0094D0090EAC4 /* ItemInsertAndRemoveAnimationsViewController.swift in Sources */,
				0A7759D728FD923B00FD7C2A /* UpdateFuzzingViewController.swift in Sources */,
				0AA4D9C7248064A300CF95A5 /* SearchableDictionaryViewController.swift in Sources */,
				0ADC3B3524907C80008DF2C0 /* XcodePreviewDemo.swift in Sources */,
				0AD827DC2752C8A700D42B4A /* CarouselLayoutViewController.swift in Sources */,
				0AD6767A25423BE500A49315 /* MultiSelectViewController.swift in Sources */,
				0A02B2F42675E14600B3501B /* PaymentTypesViewController.swift in Sources */,
				0AA4D9C4248064A300CF95A5 /* ItemizationEditorViewController.swift in Sources */,
				0A5F5CCF257EC2D7003CCE2C /* LocalizedCollationViewController.swift in Sources */,
				0AA4D9BA248064A300CF95A5 /* SystemFlowLayoutViewController.swift in Sources */,
				0AC2A1962489F93E00779459 /* PagedViewController.swift in Sources */,
				0AA4D9C5248064A300CF95A5 /* AutoScrollingViewController.swift in Sources */,
			);
			runOnlyForDeploymentPostprocessing = 0;
		};
/* End PBXSourcesBuildPhase section */

/* Begin PBXVariantGroup section */
		0AEB96BA22FBCBA600341DFF /* LaunchScreen.storyboard */ = {
			isa = PBXVariantGroup;
			children = (
				0AEB96BB22FBCBA600341DFF /* Base */,
			);
			name = LaunchScreen.storyboard;
			sourceTree = "<group>";
		};
/* End PBXVariantGroup section */

/* Begin XCBuildConfiguration section */
		0AE855532390933100F2E245 /* Debug */ = {
			isa = XCBuildConfiguration;
			baseConfigurationReference = C55FB4CC847A4E4F271441F7 /* Pods-Test Targets.debug.xcconfig */;
			buildSettings = {
				CODE_SIGN_STYLE = Automatic;
				INFOPLIST_FILE = "Test Targets/Info.plist";
				LD_RUNPATH_SEARCH_PATHS = (
					"$(inherited)",
					"@executable_path/Frameworks",
					"@loader_path/Frameworks",
				);
				PRODUCT_BUNDLE_IDENTIFIER = "com.squareup.Test-Targets";
				PRODUCT_NAME = "$(TARGET_NAME)";
				SWIFT_VERSION = 5.0;
				TARGETED_DEVICE_FAMILY = "1,2";
			};
			name = Debug;
		};
		0AE855542390933100F2E245 /* Release */ = {
			isa = XCBuildConfiguration;
			baseConfigurationReference = E0E11D5AA6E2508505BEE4FC /* Pods-Test Targets.release.xcconfig */;
			buildSettings = {
				CODE_SIGN_STYLE = Automatic;
				INFOPLIST_FILE = "Test Targets/Info.plist";
				LD_RUNPATH_SEARCH_PATHS = (
					"$(inherited)",
					"@executable_path/Frameworks",
					"@loader_path/Frameworks",
				);
				PRODUCT_BUNDLE_IDENTIFIER = "com.squareup.Test-Targets";
				PRODUCT_NAME = "$(TARGET_NAME)";
				SWIFT_VERSION = 5.0;
				TARGETED_DEVICE_FAMILY = "1,2";
			};
			name = Release;
		};
		0AEB96BE22FBCBA600341DFF /* Debug */ = {
			isa = XCBuildConfiguration;
			buildSettings = {
				ALWAYS_SEARCH_USER_PATHS = NO;
				CLANG_ANALYZER_NONNULL = YES;
				CLANG_ANALYZER_NUMBER_OBJECT_CONVERSION = YES_AGGRESSIVE;
				CLANG_CXX_LANGUAGE_STANDARD = "gnu++14";
				CLANG_CXX_LIBRARY = "libc++";
				CLANG_ENABLE_MODULES = YES;
				CLANG_ENABLE_OBJC_ARC = YES;
				CLANG_ENABLE_OBJC_WEAK = YES;
				CLANG_WARN_BLOCK_CAPTURE_AUTORELEASING = YES;
				CLANG_WARN_BOOL_CONVERSION = YES;
				CLANG_WARN_COMMA = YES;
				CLANG_WARN_CONSTANT_CONVERSION = YES;
				CLANG_WARN_DEPRECATED_OBJC_IMPLEMENTATIONS = YES;
				CLANG_WARN_DIRECT_OBJC_ISA_USAGE = YES_ERROR;
				CLANG_WARN_DOCUMENTATION_COMMENTS = YES;
				CLANG_WARN_EMPTY_BODY = YES;
				CLANG_WARN_ENUM_CONVERSION = YES;
				CLANG_WARN_INFINITE_RECURSION = YES;
				CLANG_WARN_INT_CONVERSION = YES;
				CLANG_WARN_NON_LITERAL_NULL_CONVERSION = YES;
				CLANG_WARN_OBJC_IMPLICIT_RETAIN_SELF = YES;
				CLANG_WARN_OBJC_LITERAL_CONVERSION = YES;
				CLANG_WARN_OBJC_ROOT_CLASS = YES_ERROR;
				CLANG_WARN_QUOTED_INCLUDE_IN_FRAMEWORK_HEADER = YES;
				CLANG_WARN_RANGE_LOOP_ANALYSIS = YES;
				CLANG_WARN_STRICT_PROTOTYPES = YES;
				CLANG_WARN_SUSPICIOUS_MOVE = YES;
				CLANG_WARN_UNGUARDED_AVAILABILITY = YES_AGGRESSIVE;
				CLANG_WARN_UNREACHABLE_CODE = YES;
				CLANG_WARN__DUPLICATE_METHOD_MATCH = YES;
				CODE_SIGN_IDENTITY = "iPhone Developer";
				COPY_PHASE_STRIP = NO;
				DEBUG_INFORMATION_FORMAT = dwarf;
				ENABLE_STRICT_OBJC_MSGSEND = YES;
				ENABLE_TESTABILITY = YES;
				GCC_C_LANGUAGE_STANDARD = gnu11;
				GCC_DYNAMIC_NO_PIC = NO;
				GCC_NO_COMMON_BLOCKS = YES;
				GCC_OPTIMIZATION_LEVEL = 0;
				GCC_PREPROCESSOR_DEFINITIONS = (
					"DEBUG=1",
					"$(inherited)",
				);
				GCC_WARN_64_TO_32_BIT_CONVERSION = YES;
				GCC_WARN_ABOUT_RETURN_TYPE = YES_ERROR;
				GCC_WARN_UNDECLARED_SELECTOR = YES;
				GCC_WARN_UNINITIALIZED_AUTOS = YES_AGGRESSIVE;
				GCC_WARN_UNUSED_FUNCTION = YES;
				GCC_WARN_UNUSED_VARIABLE = YES;
				IPHONEOS_DEPLOYMENT_TARGET = 14.0;
				MTL_ENABLE_DEBUG_INFO = INCLUDE_SOURCE;
				MTL_FAST_MATH = YES;
				ONLY_ACTIVE_ARCH = YES;
				SDKROOT = iphoneos;
				SWIFT_ACTIVE_COMPILATION_CONDITIONS = DEBUG;
				SWIFT_OPTIMIZATION_LEVEL = "-Onone";
			};
			name = Debug;
		};
		0AEB96BF22FBCBA600341DFF /* Release */ = {
			isa = XCBuildConfiguration;
			buildSettings = {
				ALWAYS_SEARCH_USER_PATHS = NO;
				CLANG_ANALYZER_NONNULL = YES;
				CLANG_ANALYZER_NUMBER_OBJECT_CONVERSION = YES_AGGRESSIVE;
				CLANG_CXX_LANGUAGE_STANDARD = "gnu++14";
				CLANG_CXX_LIBRARY = "libc++";
				CLANG_ENABLE_MODULES = YES;
				CLANG_ENABLE_OBJC_ARC = YES;
				CLANG_ENABLE_OBJC_WEAK = YES;
				CLANG_WARN_BLOCK_CAPTURE_AUTORELEASING = YES;
				CLANG_WARN_BOOL_CONVERSION = YES;
				CLANG_WARN_COMMA = YES;
				CLANG_WARN_CONSTANT_CONVERSION = YES;
				CLANG_WARN_DEPRECATED_OBJC_IMPLEMENTATIONS = YES;
				CLANG_WARN_DIRECT_OBJC_ISA_USAGE = YES_ERROR;
				CLANG_WARN_DOCUMENTATION_COMMENTS = YES;
				CLANG_WARN_EMPTY_BODY = YES;
				CLANG_WARN_ENUM_CONVERSION = YES;
				CLANG_WARN_INFINITE_RECURSION = YES;
				CLANG_WARN_INT_CONVERSION = YES;
				CLANG_WARN_NON_LITERAL_NULL_CONVERSION = YES;
				CLANG_WARN_OBJC_IMPLICIT_RETAIN_SELF = YES;
				CLANG_WARN_OBJC_LITERAL_CONVERSION = YES;
				CLANG_WARN_OBJC_ROOT_CLASS = YES_ERROR;
				CLANG_WARN_QUOTED_INCLUDE_IN_FRAMEWORK_HEADER = YES;
				CLANG_WARN_RANGE_LOOP_ANALYSIS = YES;
				CLANG_WARN_STRICT_PROTOTYPES = YES;
				CLANG_WARN_SUSPICIOUS_MOVE = YES;
				CLANG_WARN_UNGUARDED_AVAILABILITY = YES_AGGRESSIVE;
				CLANG_WARN_UNREACHABLE_CODE = YES;
				CLANG_WARN__DUPLICATE_METHOD_MATCH = YES;
				CODE_SIGN_IDENTITY = "iPhone Developer";
				COPY_PHASE_STRIP = NO;
				DEBUG_INFORMATION_FORMAT = "dwarf-with-dsym";
				ENABLE_NS_ASSERTIONS = NO;
				ENABLE_STRICT_OBJC_MSGSEND = YES;
				ENABLE_TESTABILITY = YES;
				GCC_C_LANGUAGE_STANDARD = gnu11;
				GCC_NO_COMMON_BLOCKS = YES;
				GCC_WARN_64_TO_32_BIT_CONVERSION = YES;
				GCC_WARN_ABOUT_RETURN_TYPE = YES_ERROR;
				GCC_WARN_UNDECLARED_SELECTOR = YES;
				GCC_WARN_UNINITIALIZED_AUTOS = YES_AGGRESSIVE;
				GCC_WARN_UNUSED_FUNCTION = YES;
				GCC_WARN_UNUSED_VARIABLE = YES;
				IPHONEOS_DEPLOYMENT_TARGET = 14.0;
				MTL_ENABLE_DEBUG_INFO = NO;
				MTL_FAST_MATH = YES;
				SDKROOT = iphoneos;
				SWIFT_COMPILATION_MODE = wholemodule;
				SWIFT_OPTIMIZATION_LEVEL = "-O";
				VALIDATE_PRODUCT = YES;
			};
			name = Release;
		};
		0AEB96C122FBCBA600341DFF /* Debug */ = {
			isa = XCBuildConfiguration;
			baseConfigurationReference = C9EC890C0D683F6A704AB9ED /* Pods-Demo.debug.xcconfig */;
			buildSettings = {
				ASSETCATALOG_COMPILER_APPICON_NAME = AppIcon;
				CODE_SIGN_STYLE = Automatic;
				DEVELOPMENT_TEAM = 2HQ24J954F;
				INFOPLIST_FILE = Demo/Info.plist;
				LD_RUNPATH_SEARCH_PATHS = (
					"$(inherited)",
					"@executable_path/Frameworks",
				);
				PRODUCT_BUNDLE_IDENTIFIER = com.kve.listable.Demo;
				PRODUCT_NAME = "$(TARGET_NAME)";
				SWIFT_VERSION = 5.0;
				TARGETED_DEVICE_FAMILY = "1,2";
			};
			name = Debug;
		};
		0AEB96C222FBCBA600341DFF /* Release */ = {
			isa = XCBuildConfiguration;
			baseConfigurationReference = 06908B38E59ACD7502B5332F /* Pods-Demo.release.xcconfig */;
			buildSettings = {
				ASSETCATALOG_COMPILER_APPICON_NAME = AppIcon;
				CODE_SIGN_STYLE = Automatic;
				DEVELOPMENT_TEAM = 2HQ24J954F;
				INFOPLIST_FILE = Demo/Info.plist;
				LD_RUNPATH_SEARCH_PATHS = (
					"$(inherited)",
					"@executable_path/Frameworks",
				);
				PRODUCT_BUNDLE_IDENTIFIER = com.kve.listable.Demo;
				PRODUCT_NAME = "$(TARGET_NAME)";
				SWIFT_VERSION = 5.0;
				TARGETED_DEVICE_FAMILY = "1,2";
			};
			name = Release;
		};
/* End XCBuildConfiguration section */

/* Begin XCConfigurationList section */
		0AE855552390933100F2E245 /* Build configuration list for PBXNativeTarget "Test Targets" */ = {
			isa = XCConfigurationList;
			buildConfigurations = (
				0AE855532390933100F2E245 /* Debug */,
				0AE855542390933100F2E245 /* Release */,
			);
			defaultConfigurationIsVisible = 0;
			defaultConfigurationName = Release;
		};
		0AEB96A922FBCBA500341DFF /* Build configuration list for PBXProject "Demo" */ = {
			isa = XCConfigurationList;
			buildConfigurations = (
				0AEB96BE22FBCBA600341DFF /* Debug */,
				0AEB96BF22FBCBA600341DFF /* Release */,
			);
			defaultConfigurationIsVisible = 0;
			defaultConfigurationName = Release;
		};
		0AEB96C022FBCBA600341DFF /* Build configuration list for PBXNativeTarget "Demo" */ = {
			isa = XCConfigurationList;
			buildConfigurations = (
				0AEB96C122FBCBA600341DFF /* Debug */,
				0AEB96C222FBCBA600341DFF /* Release */,
			);
			defaultConfigurationIsVisible = 0;
			defaultConfigurationName = Release;
		};
/* End XCConfigurationList section */
	};
	rootObject = 0AEB96A622FBCBA500341DFF /* Project object */;
}
